
Microsoft Visual Studio Solution File, Format Version 12.00
Project("{2150E333-8FDC-42A3-9474-1A3956D46DE8}") = "Domain", "Domain", "{E11FD072-E63E-4B6D-BE0F-812C6B8EB7F6}"
EndProject
Project("{2150E333-8FDC-42A3-9474-1A3956D46DE8}") = "Application", "Application", "{BAACE709-6722-4207-960D-A89451BB9399}"
EndProject
Project("{2150E333-8FDC-42A3-9474-1A3956D46DE8}") = "Infra", "Infra", "{2EEABA04-98CE-433E-A52C-6E993C4E68C2}"
EndProject
Project("{FAE04EC0-301F-11D3-BF4B-00C04F79EFBC}") = "Pessoa.Domain", "Pessoa.Domain\Pessoa.Domain.csproj", "{02897F80-8104-43FD-9891-716568BE5628}"
EndProject
Project("{FAE04EC0-301F-11D3-BF4B-00C04F79EFBC}") = "Pessoa.Application", "Pessoa.Application\Pessoa.Application.csproj", "{DC34382A-59CA-454E-BC67-A33A9D46732D}"
EndProject
Project("{FAE04EC0-301F-11D3-BF4B-00C04F79EFBC}") = "Services.Pessoa.API", "Services.Pessoa.API\Services.Pessoa.API.csproj", "{3BCD8273-EA96-4752-9AB5-50E0B9BBB76D}"
EndProject
Project("{2150E333-8FDC-42A3-9474-1A3956D46DE8}") = "Services", "Services", "{682DAAD9-D73E-4509-8127-2011B44D8164}"
EndProject
Project("{2150E333-8FDC-42A3-9474-1A3956D46DE8}") = "Services.Pessoa", "Services.Pessoa", "{5499ACF4-C111-49E0-91D3-F615B6932B0B}"
EndProject
Project("{FAE04EC0-301F-11D3-BF4B-00C04F79EFBC}") = "Infra.Pessoa", "Infra.Pessoa\Infra.Pessoa.csproj", "{9610C1A9-3A19-4858-ADC0-47AB22127FCC}"
EndProject
Global
	GlobalSection(SolutionConfigurationPlatforms) = preSolution
		Debug|Any CPU = Debug|Any CPU
		Release|Any CPU = Release|Any CPU
	EndGlobalSection
	GlobalSection(ProjectConfigurationPlatforms) = postSolution
		{02897F80-8104-43FD-9891-716568BE5628}.Debug|Any CPU.ActiveCfg = Debug|Any CPU
		{02897F80-8104-43FD-9891-716568BE5628}.Debug|Any CPU.Build.0 = Debug|Any CPU
		{02897F80-8104-43FD-9891-716568BE5628}.Release|Any CPU.ActiveCfg = Release|Any CPU
		{02897F80-8104-43FD-9891-716568BE5628}.Release|Any CPU.Build.0 = Release|Any CPU
		{DC34382A-59CA-454E-BC67-A33A9D46732D}.Debug|Any CPU.ActiveCfg = Debug|Any CPU
		{DC34382A-59CA-454E-BC67-A33A9D46732D}.Debug|Any CPU.Build.0 = Debug|Any CPU
		{DC34382A-59CA-454E-BC67-A33A9D46732D}.Release|Any CPU.ActiveCfg = Release|Any CPU
		{DC34382A-59CA-454E-BC67-A33A9D46732D}.Release|Any CPU.Build.0 = Release|Any CPU
		{3BCD8273-EA96-4752-9AB5-50E0B9BBB76D}.Debug|Any CPU.ActiveCfg = Debug|Any CPU
		{3BCD8273-EA96-4752-9AB5-50E0B9BBB76D}.Debug|Any CPU.Build.0 = Debug|Any CPU
		{3BCD8273-EA96-4752-9AB5-50E0B9BBB76D}.Release|Any CPU.ActiveCfg = Release|Any CPU
		{3BCD8273-EA96-4752-9AB5-50E0B9BBB76D}.Release|Any CPU.Build.0 = Release|Any CPU
		{9610C1A9-3A19-4858-ADC0-47AB22127FCC}.Debug|Any CPU.ActiveCfg = Debug|Any CPU
		{9610C1A9-3A19-4858-ADC0-47AB22127FCC}.Debug|Any CPU.Build.0 = Debug|Any CPU
		{9610C1A9-3A19-4858-ADC0-47AB22127FCC}.Release|Any CPU.ActiveCfg = Release|Any CPU
		{9610C1A9-3A19-4858-ADC0-47AB22127FCC}.Release|Any CPU.Build.0 = Release|Any CPU
	EndGlobalSection
	GlobalSection(NestedProjects) = preSolution
		{02897F80-8104-43FD-9891-716568BE5628} = {E11FD072-E63E-4B6D-BE0F-812C6B8EB7F6}
		{DC34382A-59CA-454E-BC67-A33A9D46732D} = {BAACE709-6722-4207-960D-A89451BB9399}
		{5499ACF4-C111-49E0-91D3-F615B6932B0B} = {682DAAD9-D73E-4509-8127-2011B44D8164}
		{3BCD8273-EA96-4752-9AB5-50E0B9BBB76D} = {5499ACF4-C111-49E0-91D3-F615B6932B0B}
		{9610C1A9-3A19-4858-ADC0-47AB22127FCC} = {2EEABA04-98CE-433E-A52C-6E993C4E68C2}
	EndGlobalSection
EndGlobal
