
Microsoft Visual Studio Solution File, Format Version 12.00
Project("{2150E333-8FDC-42A3-9474-1A3956D46DE8}") = "Domain", "Domain", "{E11FD072-E63E-4B6D-BE0F-812C6B8EB7F6}"
EndProject
Project("{2150E333-8FDC-42A3-9474-1A3956D46DE8}") = "Application", "Application", "{BAACE709-6722-4207-960D-A89451BB9399}"
EndProject
Project("{2150E333-8FDC-42A3-9474-1A3956D46DE8}") = "Infra", "Infra", "{2EEABA04-98CE-433E-A52C-6E993C4E68C2}"
EndProject
Project("{2150E333-8FDC-42A3-9474-1A3956D46DE8}") = "Services", "Services", "{682DAAD9-D73E-4509-8127-2011B44D8164}"
EndProject
Project("{FAE04EC0-301F-11D3-BF4B-00C04F79EFBC}") = "Pessoa.Domain", "Domain\Pessoa.Domain\Pessoa.Domain.csproj", "{BA81C33A-9FBF-4941-9CEF-1CAB0740C5B1}"
EndProject
Project("{FAE04EC0-301F-11D3-BF4B-00C04F79EFBC}") = "Pessoa.Application", "Application\Pessoa.Application\Pessoa.Application.csproj", "{FC8FE482-AF4E-4CFA-AB4E-595372B5C1DA}"
EndProject
Project("{FAE04EC0-301F-11D3-BF4B-00C04F79EFBC}") = "Infra.CrossCruting", "Infra\Infra.CrossCruting\Infra.CrossCruting.csproj", "{7DF55F80-7756-4D8A-8B79-76A2605813A1}"
EndProject
Project("{FAE04EC0-301F-11D3-BF4B-00C04F79EFBC}") = "Infra.Pessoa", "Infra\Infra.Pessoa\Infra.Pessoa.csproj", "{72FFC14D-2D4C-42B0-8B91-A19ABDAE24B4}"
EndProject
Project("{FAE04EC0-301F-11D3-BF4B-00C04F79EFBC}") = "Services.Pessoa", "Services\Services.Pessoa\Services.Pessoa.csproj", "{47FB0594-4CE3-4AF7-99F8-8FB9EB77FC46}"
EndProject
Project("{FAE04EC0-301F-11D3-BF4B-00C04F79EFBC}") = "Authentication.Domain", "Domain\Authentication.Domain\Authentication.Domain.csproj", "{3DB69499-812D-41FD-8353-6A3C15E4DA16}"
EndProject
Project("{FAE04EC0-301F-11D3-BF4B-00C04F79EFBC}") = "Authentication.Application", "Application\Authentication.Application\Authentication.Application.csproj", "{CB928B9F-CD9C-4934-BB82-8D0BEF312095}"
EndProject
Project("{FAE04EC0-301F-11D3-BF4B-00C04F79EFBC}") = "Infra.Usuario", "Infra\Infra.Usuario\Infra.Usuario.csproj", "{E3D8CB4E-BB33-4F3C-83A7-D19847EEEDC8}"
EndProject
Project("{FAE04EC0-301F-11D3-BF4B-00C04F79EFBC}") = "Services.Usuario", "Services\Services.Usuario\Services.Usuario.csproj", "{A9BA716A-C7C9-46BD-8ADB-5D224D472DEE}"
EndProject
Global
	GlobalSection(SolutionConfigurationPlatforms) = preSolution
		Debug|Any CPU = Debug|Any CPU
		Release|Any CPU = Release|Any CPU
	EndGlobalSection
	GlobalSection(ProjectConfigurationPlatforms) = postSolution
		{BA81C33A-9FBF-4941-9CEF-1CAB0740C5B1}.Debug|Any CPU.ActiveCfg = Debug|Any CPU
		{BA81C33A-9FBF-4941-9CEF-1CAB0740C5B1}.Debug|Any CPU.Build.0 = Debug|Any CPU
		{BA81C33A-9FBF-4941-9CEF-1CAB0740C5B1}.Release|Any CPU.ActiveCfg = Release|Any CPU
		{BA81C33A-9FBF-4941-9CEF-1CAB0740C5B1}.Release|Any CPU.Build.0 = Release|Any CPU
		{FC8FE482-AF4E-4CFA-AB4E-595372B5C1DA}.Debug|Any CPU.ActiveCfg = Debug|Any CPU
		{FC8FE482-AF4E-4CFA-AB4E-595372B5C1DA}.Debug|Any CPU.Build.0 = Debug|Any CPU
		{FC8FE482-AF4E-4CFA-AB4E-595372B5C1DA}.Release|Any CPU.ActiveCfg = Release|Any CPU
		{FC8FE482-AF4E-4CFA-AB4E-595372B5C1DA}.Release|Any CPU.Build.0 = Release|Any CPU
		{7DF55F80-7756-4D8A-8B79-76A2605813A1}.Debug|Any CPU.ActiveCfg = Debug|Any CPU
		{7DF55F80-7756-4D8A-8B79-76A2605813A1}.Debug|Any CPU.Build.0 = Debug|Any CPU
		{7DF55F80-7756-4D8A-8B79-76A2605813A1}.Release|Any CPU.ActiveCfg = Release|Any CPU
		{7DF55F80-7756-4D8A-8B79-76A2605813A1}.Release|Any CPU.Build.0 = Release|Any CPU
		{72FFC14D-2D4C-42B0-8B91-A19ABDAE24B4}.Debug|Any CPU.ActiveCfg = Debug|Any CPU
		{72FFC14D-2D4C-42B0-8B91-A19ABDAE24B4}.Debug|Any CPU.Build.0 = Debug|Any CPU
		{72FFC14D-2D4C-42B0-8B91-A19ABDAE24B4}.Release|Any CPU.ActiveCfg = Release|Any CPU
		{72FFC14D-2D4C-42B0-8B91-A19ABDAE24B4}.Release|Any CPU.Build.0 = Release|Any CPU
		{47FB0594-4CE3-4AF7-99F8-8FB9EB77FC46}.Debug|Any CPU.ActiveCfg = Debug|Any CPU
		{47FB0594-4CE3-4AF7-99F8-8FB9EB77FC46}.Debug|Any CPU.Build.0 = Debug|Any CPU
		{47FB0594-4CE3-4AF7-99F8-8FB9EB77FC46}.Release|Any CPU.ActiveCfg = Release|Any CPU
		{47FB0594-4CE3-4AF7-99F8-8FB9EB77FC46}.Release|Any CPU.Build.0 = Release|Any CPU
		{3DB69499-812D-41FD-8353-6A3C15E4DA16}.Debug|Any CPU.ActiveCfg = Debug|Any CPU
		{3DB69499-812D-41FD-8353-6A3C15E4DA16}.Debug|Any CPU.Build.0 = Debug|Any CPU
		{3DB69499-812D-41FD-8353-6A3C15E4DA16}.Release|Any CPU.ActiveCfg = Release|Any CPU
		{3DB69499-812D-41FD-8353-6A3C15E4DA16}.Release|Any CPU.Build.0 = Release|Any CPU
		{CB928B9F-CD9C-4934-BB82-8D0BEF312095}.Debug|Any CPU.ActiveCfg = Debug|Any CPU
		{CB928B9F-CD9C-4934-BB82-8D0BEF312095}.Debug|Any CPU.Build.0 = Debug|Any CPU
		{CB928B9F-CD9C-4934-BB82-8D0BEF312095}.Release|Any CPU.ActiveCfg = Release|Any CPU
		{CB928B9F-CD9C-4934-BB82-8D0BEF312095}.Release|Any CPU.Build.0 = Release|Any CPU
		{E3D8CB4E-BB33-4F3C-83A7-D19847EEEDC8}.Debug|Any CPU.ActiveCfg = Debug|Any CPU
		{E3D8CB4E-BB33-4F3C-83A7-D19847EEEDC8}.Debug|Any CPU.Build.0 = Debug|Any CPU
		{E3D8CB4E-BB33-4F3C-83A7-D19847EEEDC8}.Release|Any CPU.ActiveCfg = Release|Any CPU
		{E3D8CB4E-BB33-4F3C-83A7-D19847EEEDC8}.Release|Any CPU.Build.0 = Release|Any CPU
		{A9BA716A-C7C9-46BD-8ADB-5D224D472DEE}.Debug|Any CPU.ActiveCfg = Debug|Any CPU
		{A9BA716A-C7C9-46BD-8ADB-5D224D472DEE}.Debug|Any CPU.Build.0 = Debug|Any CPU
		{A9BA716A-C7C9-46BD-8ADB-5D224D472DEE}.Release|Any CPU.ActiveCfg = Release|Any CPU
		{A9BA716A-C7C9-46BD-8ADB-5D224D472DEE}.Release|Any CPU.Build.0 = Release|Any CPU
	EndGlobalSection
	GlobalSection(NestedProjects) = preSolution
		{BA81C33A-9FBF-4941-9CEF-1CAB0740C5B1} = {E11FD072-E63E-4B6D-BE0F-812C6B8EB7F6}
		{FC8FE482-AF4E-4CFA-AB4E-595372B5C1DA} = {BAACE709-6722-4207-960D-A89451BB9399}
		{7DF55F80-7756-4D8A-8B79-76A2605813A1} = {2EEABA04-98CE-433E-A52C-6E993C4E68C2}
		{72FFC14D-2D4C-42B0-8B91-A19ABDAE24B4} = {2EEABA04-98CE-433E-A52C-6E993C4E68C2}
		{47FB0594-4CE3-4AF7-99F8-8FB9EB77FC46} = {682DAAD9-D73E-4509-8127-2011B44D8164}
		{3DB69499-812D-41FD-8353-6A3C15E4DA16} = {E11FD072-E63E-4B6D-BE0F-812C6B8EB7F6}
		{CB928B9F-CD9C-4934-BB82-8D0BEF312095} = {BAACE709-6722-4207-960D-A89451BB9399}
		{E3D8CB4E-BB33-4F3C-83A7-D19847EEEDC8} = {2EEABA04-98CE-433E-A52C-6E993C4E68C2}
		{A9BA716A-C7C9-46BD-8ADB-5D224D472DEE} = {682DAAD9-D73E-4509-8127-2011B44D8164}
	EndGlobalSection
EndGlobal
